
Microsoft Visual Studio Solution File, Format Version 12.00
Project("{8BC9CEB8-8B4A-11D0-8D11-00A0C91BC942}") = "NetworkingWithASIO", "NetworkingWithASIO\NetworkingWithASIO.vcxproj", "{F423DAE6-D53E-4009-852E-F995CE8BC547}"
EndProject
Project("{8BC9CEB8-8B4A-11D0-8D11-00A0C91BC942}") = "NetCommon", "NetCommon\NetCommon.vcxproj", "{17824D8F-4FFC-4750-B3DC-236D9E19CE79}"
EndProject
Project("{8BC9CEB8-8B4A-11D0-8D11-00A0C91BC942}") = "NetClient", "NetClient\NetClient.vcxproj", "{024E2909-8430-4A6F-9611-7BD8B9F2512B}"
EndProject
Project("{8BC9CEB8-8B4A-11D0-8D11-00A0C91BC942}") = "NetServer", "NetServer\NetServer.vcxproj", "{CDCDAEED-11FB-4370-B41C-ED4B4E9C1587}"
EndProject
Project("{8BC9CEB8-8B4A-11D0-8D11-00A0C91BC942}") = "RaylibClientTest", "RaylibClientTest\RaylibClientTest.vcxproj", "{E053D2ED-A542-43FD-9D77-5016B1A0519A}"
EndProject
Project("{2150E333-8FDC-42A3-9474-1A3956D46DE8}") = "RaylibDemo", "RaylibDemo", "{BAC89082-BF4F-4007-AA4D-75C890D14B43}"
EndProject
Project("{8BC9CEB8-8B4A-11D0-8D11-00A0C91BC942}") = "RaylibServerTest", "RaylibServerTest\RaylibServerTest.vcxproj", "{A362FBC8-4EE7-4607-B1E9-A2FF2DA26F22}"
EndProject
Project("{8BC9CEB8-8B4A-11D0-8D11-00A0C91BC942}") = "GameShared", "GameShared\GameShared.vcxproj", "{03060E0E-1334-4EBB-AF50-6744DF2A71FF}"
EndProject
Global
	GlobalSection(SolutionConfigurationPlatforms) = preSolution
		Debug|Win32 = Debug|Win32
		Debug|x64 = Debug|x64
		Release|Win32 = Release|Win32
		Release|x64 = Release|x64
	EndGlobalSection
	GlobalSection(ProjectConfigurationPlatforms) = postSolution
		{F423DAE6-D53E-4009-852E-F995CE8BC547}.Debug|Win32.ActiveCfg = Debug|Win32
		{F423DAE6-D53E-4009-852E-F995CE8BC547}.Debug|Win32.Build.0 = Debug|Win32
		{F423DAE6-D53E-4009-852E-F995CE8BC547}.Debug|x64.ActiveCfg = Debug|x64
		{F423DAE6-D53E-4009-852E-F995CE8BC547}.Debug|x64.Build.0 = Debug|x64
		{F423DAE6-D53E-4009-852E-F995CE8BC547}.Release|Win32.ActiveCfg = Release|Win32
		{F423DAE6-D53E-4009-852E-F995CE8BC547}.Release|Win32.Build.0 = Release|Win32
		{F423DAE6-D53E-4009-852E-F995CE8BC547}.Release|x64.ActiveCfg = Release|x64
		{F423DAE6-D53E-4009-852E-F995CE8BC547}.Release|x64.Build.0 = Release|x64
		{17824D8F-4FFC-4750-B3DC-236D9E19CE79}.Debug|Win32.ActiveCfg = Debug|Win32
		{17824D8F-4FFC-4750-B3DC-236D9E19CE79}.Debug|Win32.Build.0 = Debug|Win32
		{17824D8F-4FFC-4750-B3DC-236D9E19CE79}.Debug|x64.ActiveCfg = Debug|x64
		{17824D8F-4FFC-4750-B3DC-236D9E19CE79}.Debug|x64.Build.0 = Debug|x64
		{17824D8F-4FFC-4750-B3DC-236D9E19CE79}.Release|Win32.ActiveCfg = Release|Win32
		{17824D8F-4FFC-4750-B3DC-236D9E19CE79}.Release|Win32.Build.0 = Release|Win32
		{17824D8F-4FFC-4750-B3DC-236D9E19CE79}.Release|x64.ActiveCfg = Release|x64
		{17824D8F-4FFC-4750-B3DC-236D9E19CE79}.Release|x64.Build.0 = Release|x64
		{024E2909-8430-4A6F-9611-7BD8B9F2512B}.Debug|Win32.ActiveCfg = Debug|Win32
		{024E2909-8430-4A6F-9611-7BD8B9F2512B}.Debug|Win32.Build.0 = Debug|Win32
		{024E2909-8430-4A6F-9611-7BD8B9F2512B}.Debug|x64.ActiveCfg = Debug|x64
		{024E2909-8430-4A6F-9611-7BD8B9F2512B}.Debug|x64.Build.0 = Debug|x64
		{024E2909-8430-4A6F-9611-7BD8B9F2512B}.Release|Win32.ActiveCfg = Release|Win32
		{024E2909-8430-4A6F-9611-7BD8B9F2512B}.Release|Win32.Build.0 = Release|Win32
		{024E2909-8430-4A6F-9611-7BD8B9F2512B}.Release|x64.ActiveCfg = Release|x64
		{024E2909-8430-4A6F-9611-7BD8B9F2512B}.Release|x64.Build.0 = Release|x64
		{CDCDAEED-11FB-4370-B41C-ED4B4E9C1587}.Debug|Win32.ActiveCfg = Debug|Win32
		{CDCDAEED-11FB-4370-B41C-ED4B4E9C1587}.Debug|Win32.Build.0 = Debug|Win32
		{CDCDAEED-11FB-4370-B41C-ED4B4E9C1587}.Debug|x64.ActiveCfg = Debug|x64
		{CDCDAEED-11FB-4370-B41C-ED4B4E9C1587}.Debug|x64.Build.0 = Debug|x64
		{CDCDAEED-11FB-4370-B41C-ED4B4E9C1587}.Release|Win32.ActiveCfg = Release|Win32
		{CDCDAEED-11FB-4370-B41C-ED4B4E9C1587}.Release|Win32.Build.0 = Release|Win32
		{CDCDAEED-11FB-4370-B41C-ED4B4E9C1587}.Release|x64.ActiveCfg = Release|x64
		{CDCDAEED-11FB-4370-B41C-ED4B4E9C1587}.Release|x64.Build.0 = Release|x64
		{E053D2ED-A542-43FD-9D77-5016B1A0519A}.Debug|Win32.ActiveCfg = Debug|Win32
		{E053D2ED-A542-43FD-9D77-5016B1A0519A}.Debug|Win32.Build.0 = Debug|Win32
		{E053D2ED-A542-43FD-9D77-5016B1A0519A}.Debug|x64.ActiveCfg = Debug|x64
		{E053D2ED-A542-43FD-9D77-5016B1A0519A}.Debug|x64.Build.0 = Debug|x64
		{E053D2ED-A542-43FD-9D77-5016B1A0519A}.Release|Win32.ActiveCfg = Release|Win32
		{E053D2ED-A542-43FD-9D77-5016B1A0519A}.Release|Win32.Build.0 = Release|Win32
		{E053D2ED-A542-43FD-9D77-5016B1A0519A}.Release|x64.ActiveCfg = Release|x64
		{E053D2ED-A542-43FD-9D77-5016B1A0519A}.Release|x64.Build.0 = Release|x64
		{A362FBC8-4EE7-4607-B1E9-A2FF2DA26F22}.Debug|Win32.ActiveCfg = Debug|Win32
		{A362FBC8-4EE7-4607-B1E9-A2FF2DA26F22}.Debug|Win32.Build.0 = Debug|Win32
		{A362FBC8-4EE7-4607-B1E9-A2FF2DA26F22}.Debug|x64.ActiveCfg = Debug|x64
		{A362FBC8-4EE7-4607-B1E9-A2FF2DA26F22}.Debug|x64.Build.0 = Debug|x64
		{A362FBC8-4EE7-4607-B1E9-A2FF2DA26F22}.Release|Win32.ActiveCfg = Release|Win32
		{A362FBC8-4EE7-4607-B1E9-A2FF2DA26F22}.Release|Win32.Build.0 = Release|Win32
		{A362FBC8-4EE7-4607-B1E9-A2FF2DA26F22}.Release|x64.ActiveCfg = Release|x64
		{A362FBC8-4EE7-4607-B1E9-A2FF2DA26F22}.Release|x64.Build.0 = Release|x64
		{03060E0E-1334-4EBB-AF50-6744DF2A71FF}.Debug|Win32.ActiveCfg = Debug|Win32
		{03060E0E-1334-4EBB-AF50-6744DF2A71FF}.Debug|Win32.Build.0 = Debug|Win32
		{03060E0E-1334-4EBB-AF50-6744DF2A71FF}.Debug|x64.ActiveCfg = Debug|x64
		{03060E0E-1334-4EBB-AF50-6744DF2A71FF}.Debug|x64.Build.0 = Debug|x64
		{03060E0E-1334-4EBB-AF50-6744DF2A71FF}.Release|Win32.ActiveCfg = Release|Win32
		{03060E0E-1334-4EBB-AF50-6744DF2A71FF}.Release|Win32.Build.0 = Release|Win32
		{03060E0E-1334-4EBB-AF50-6744DF2A71FF}.Release|x64.ActiveCfg = Release|x64
		{03060E0E-1334-4EBB-AF50-6744DF2A71FF}.Release|x64.Build.0 = Release|x64
	EndGlobalSection
	GlobalSection(NestedProjects) = preSolution
		{E053D2ED-A542-43FD-9D77-5016B1A0519A} = {BAC89082-BF4F-4007-AA4D-75C890D14B43}
		{A362FBC8-4EE7-4607-B1E9-A2FF2DA26F22} = {BAC89082-BF4F-4007-AA4D-75C890D14B43}
		{03060E0E-1334-4EBB-AF50-6744DF2A71FF} = {BAC89082-BF4F-4007-AA4D-75C890D14B43}
	EndGlobalSection
EndGlobal
